PODS:
  - Nimble (7.0.3)
  - Quick (1.2.0)
  - ShitLib (0.1.0)

DEPENDENCIES:
  - Nimble (~> 7.0.2)
  - Quick (~> 1.2.0)
  - ShitLib (from `../`)

EXTERNAL SOURCES:
  ShitLib:
    :path: ../

SPEC CHECKSUMS:
  Nimble: 7f5a9c447a33002645a071bddafbfb24ea70e0ac
  Quick: 58d203b1c5e27fff7229c4c1ae445ad7069a7a08
  ShitLib: e8b1e14b0cafa1de49a5cba7b8555729ce0d12de

PODFILE CHECKSUM: 2a34d9e66f767830b7fb9a32ae95229e8b58991b

COCOAPODS: 1.4.0
